PODS:
  - Stripe (23.21.0):
    - StripeApplePay (= 23.21.0)
    - StripeCore (= 23.21.0)
    - StripePayments (= 23.21.0)
    - StripePaymentsUI (= 23.21.0)
    - StripeUICore (= 23.21.0)
  - StripeApplePay (23.21.0):
    - StripeCore (= 23.21.0)
  - StripeCore (23.21.0)
  - StripePayments (23.21.0):
    - StripeCore (= 23.21.0)
    - StripePayments/Stripe3DS2 (= 23.21.0)
  - StripePayments/Stripe3DS2 (23.21.0):
    - StripeCore (= 23.21.0)
  - StripePaymentsUI (23.21.0):
    - StripeCore (= 23.21.0)
    - StripePayments (= 23.21.0)
    - StripeUICore (= 23.21.0)
  - StripeUICore (23.21.0):
    - StripeCore (= 23.21.0)

DEPENDENCIES:
  - Stripe

SPEC REPOS:
  trunk:
    - Stripe
    - StripeApplePay
    - StripeCore
    - StripePayments
    - StripePaymentsUI
    - StripeUICore

SPEC CHECKSUMS:
  Stripe: 5d149d9b473103c6711bc5d0fd8bc0f2e50d215c
  StripeApplePay: b4865e933ac4b2edc767d4afc699dd75814b7601
  StripeCore: 666c9e78f3312ca94942c6a233211c93c7fb5c67
  StripePayments: 435b62da35fb34c02ddb25b333ea7877f9d3f8b1
  StripePaymentsUI: 3dc51970de12e3fc0b69ffd4a4275b4fe1ba83e4
  StripeUICore: 7e19c104efa6c1186f1c1fbe0f0ac71d5c0a0c80

PODFILE CHECKSUM: 7f1782325f6c6f515d0d998258c9c1f8eae2329b

COCOAPODS: 1.15.0
